# THIS IS AN AUTOGENERATED FILE. DO NOT EDIT THIS FILE DIRECTLY.
# yarn lockfile v1


daisyui@^5.7.32:
  version "5.7.32"
  resolved "https://registry.yarnpkg.com/daisyui/-/daisyui-5.7.32.tgz#99d25a4b9dd7b88217f36067e68f098dbfc2518c"
  integrity sha512-8JQFneb+okHxzPimTGvRKX+5XF03GyAwGw7BaV6+6XpzW0klGuzc4rdfUpLQxIYPKEziwwlrsYfcxoltF2Rowg==
